PODS:
  - SimpleNotificationBar (0.1.0):
    - SwiftMessages
  - SwiftMessages (6.0.2):
    - SwiftMessages/App (= 6.0.2)
  - SwiftMessages/App (6.0.2)

DEPENDENCIES:
  - SimpleNotificationBar (from `../`)

SPEC REPOS:
  https://github.com/cocoapods/specs.git:
    - SwiftMessages

EXTERNAL SOURCES:
  SimpleNotificationBar:
    :path: "../"

SPEC CHECKSUMS:
  SimpleNotificationBar: dec582c6ad1ce9c81527ef48a34347f7a77bc25e
  SwiftMessages: 8b3cc68dba2f1c91aac1a74c90b10287aac35371

PODFILE CHECKSUM: ec5d43eb831843fa2c1d31ad21466d5b9c8512a2

COCOAPODS: 1.5.3
